
Microsoft Visual Studio Solution File, Format Version 12.00
# Visual Studio 14
VisualStudioVersion = 14.0.24720.0
MinimumVisualStudioVersion = 10.0.40219.1
Project("{2150E333-8FDC-42A3-9474-1A3956D46DE8}") = "POS.HDT.Common", "POS.HDT.Common", "{7E8231BB-8945-4C01-B744-BCC30572DD6D}"
EndProject
Project("{2150E333-8FDC-42A3-9474-1A3956D46DE8}") = "POS.HDT.Store", "POS.HDT.Store", "{7712CB7D-A8CE-4821-8B39-1BDE887C146C}"
EndProject
Project("{2150E333-8FDC-42A3-9474-1A3956D46DE8}") = "POS.HDT.Kanri", "POS.HDT.Kanri", "{4A0027CC-8910-4A61-B01A-C19FF279D2E2}"
EndProject
Project("{2150E333-8FDC-42A3-9474-1A3956D46DE8}") = "POS.HDT.Services", "POS.HDT.Services", "{946E7A69-A4C7-44D0-9F33-5E171AAF0BDF}"
EndProject
Project("{FAE04EC0-301F-11D3-BF4B-00C04F79EFBC}") = "POS.HDT.Kanri.UI", "POS.HDT.Kanri.UI\POS.HDT.Kanri.UI.csproj", "{9F86135C-C75B-4B17-BDFA-6105426738A8}"
EndProject
Project("{2150E333-8FDC-42A3-9474-1A3956D46DE8}") = "POS.HDT.Common.Data", "POS.HDT.Common.Data", "{280D3176-2D9F-4EA9-A2A2-103460991F0F}"
EndProject
Project("{FAE04EC0-301F-11D3-BF4B-00C04F79EFBC}") = "POS.HDT.Common.Data.Tables", "POS.HDT.Common.Data.Tables\POS.HDT.Common.Data.Tables.csproj", "{D2029407-1655-4604-A949-8C5F46915338}"
EndProject
Project("{FAE04EC0-301F-11D3-BF4B-00C04F79EFBC}") = "POS.HDT.Common.Data.Domain", "POS.HDT.Common.Data.Domain\POS.HDT.Common.Data.Domain.csproj", "{C179CB44-B731-4E7D-9E3A-20FC15ED183A}"
EndProject
Project("{2150E333-8FDC-42A3-9474-1A3956D46DE8}") = "POS.HDT.Common.Core", "POS.HDT.Common.Core", "{701B99D5-D847-4D9A-83F8-17598F6BB477}"
EndProject
Project("{FAE04EC0-301F-11D3-BF4B-00C04F79EFBC}") = "POS.HDT.Common.Core.Interface", "POS.HDT.Common.Core.Interface\POS.HDT.Common.Core.Interface.csproj", "{FE688098-A96E-4D4B-9905-2C916023BC3E}"
EndProject
Project("{FAE04EC0-301F-11D3-BF4B-00C04F79EFBC}") = "POS.HDT.Common.Core.Logic", "POS.HDT.Common.Core.Logic\POS.HDT.Common.Core.Logic.csproj", "{02C696FA-E2A5-4680-A5D9-7EF4DC8F59B9}"
EndProject
Project("{FAE04EC0-301F-11D3-BF4B-00C04F79EFBC}") = "POS.HDT.Store.UI", "POS.HDT.Store.UI\POS.HDT.Store.UI.csproj", "{31A29E6B-3F2F-4D24-86A9-E005CD15F1E5}"
EndProject
Project("{FAE04EC0-301F-11D3-BF4B-00C04F79EFBC}") = "POS.HDT.Common.Data.Base", "POS.HDT.Common.Data.Base\POS.HDT.Common.Data.Base.csproj", "{4EC22D04-64B9-4913-AAE1-6A5A91895ADF}"
EndProject
Project("{FAE04EC0-301F-11D3-BF4B-00C04F79EFBC}") = "POS.HDT.Services.ASPService", "POS.HDT.Services.ASPService\POS.HDT.Services.ASPService.csproj", "{D93458C6-D31E-4727-A6C8-49ADDE520D5E}"
EndProject
Project("{FAE04EC0-301F-11D3-BF4B-00C04F79EFBC}") = "POS.HDT.Kanri.Logic", "POS.HDT.Kanri.Logic\POS.HDT.Kanri.Logic.csproj", "{881D0386-CA40-4BB6-A67C-DD6B7CFC4469}"
EndProject
Project("{FAE04EC0-301F-11D3-BF4B-00C04F79EFBC}") = "POS.HDT.Store.Logic", "POS.HDT.Store.Logic\POS.HDT.Store.Logic.csproj", "{8EE8B555-4712-4DB0-977A-0EFC3BC775A5}"
EndProject
Global
	GlobalSection(SolutionConfigurationPlatforms) = preSolution
		Debug|Any CPU = Debug|Any CPU
		Release|Any CPU = Release|Any CPU
	EndGlobalSection
	GlobalSection(ProjectConfigurationPlatforms) = postSolution
		{9F86135C-C75B-4B17-BDFA-6105426738A8}.Debug|Any CPU.ActiveCfg = Debug|Any CPU
		{9F86135C-C75B-4B17-BDFA-6105426738A8}.Debug|Any CPU.Build.0 = Debug|Any CPU
		{9F86135C-C75B-4B17-BDFA-6105426738A8}.Release|Any CPU.ActiveCfg = Release|Any CPU
		{9F86135C-C75B-4B17-BDFA-6105426738A8}.Release|Any CPU.Build.0 = Release|Any CPU
		{D2029407-1655-4604-A949-8C5F46915338}.Debug|Any CPU.ActiveCfg = Debug|Any CPU
		{D2029407-1655-4604-A949-8C5F46915338}.Debug|Any CPU.Build.0 = Debug|Any CPU
		{D2029407-1655-4604-A949-8C5F46915338}.Release|Any CPU.ActiveCfg = Release|Any CPU
		{D2029407-1655-4604-A949-8C5F46915338}.Release|Any CPU.Build.0 = Release|Any CPU
		{C179CB44-B731-4E7D-9E3A-20FC15ED183A}.Debug|Any CPU.ActiveCfg = Debug|Any CPU
		{C179CB44-B731-4E7D-9E3A-20FC15ED183A}.Debug|Any CPU.Build.0 = Debug|Any CPU
		{C179CB44-B731-4E7D-9E3A-20FC15ED183A}.Release|Any CPU.ActiveCfg = Release|Any CPU
		{C179CB44-B731-4E7D-9E3A-20FC15ED183A}.Release|Any CPU.Build.0 = Release|Any CPU
		{FE688098-A96E-4D4B-9905-2C916023BC3E}.Debug|Any CPU.ActiveCfg = Debug|Any CPU
		{FE688098-A96E-4D4B-9905-2C916023BC3E}.Debug|Any CPU.Build.0 = Debug|Any CPU
		{FE688098-A96E-4D4B-9905-2C916023BC3E}.Release|Any CPU.ActiveCfg = Release|Any CPU
		{FE688098-A96E-4D4B-9905-2C916023BC3E}.Release|Any CPU.Build.0 = Release|Any CPU
		{02C696FA-E2A5-4680-A5D9-7EF4DC8F59B9}.Debug|Any CPU.ActiveCfg = Debug|Any CPU
		{02C696FA-E2A5-4680-A5D9-7EF4DC8F59B9}.Debug|Any CPU.Build.0 = Debug|Any CPU
		{02C696FA-E2A5-4680-A5D9-7EF4DC8F59B9}.Release|Any CPU.ActiveCfg = Release|Any CPU
		{02C696FA-E2A5-4680-A5D9-7EF4DC8F59B9}.Release|Any CPU.Build.0 = Release|Any CPU
		{31A29E6B-3F2F-4D24-86A9-E005CD15F1E5}.Debug|Any CPU.ActiveCfg = Debug|Any CPU
		{31A29E6B-3F2F-4D24-86A9-E005CD15F1E5}.Debug|Any CPU.Build.0 = Debug|Any CPU
		{31A29E6B-3F2F-4D24-86A9-E005CD15F1E5}.Release|Any CPU.ActiveCfg = Release|Any CPU
		{31A29E6B-3F2F-4D24-86A9-E005CD15F1E5}.Release|Any CPU.Build.0 = Release|Any CPU
		{4EC22D04-64B9-4913-AAE1-6A5A91895ADF}.Debug|Any CPU.ActiveCfg = Debug|Any CPU
		{4EC22D04-64B9-4913-AAE1-6A5A91895ADF}.Debug|Any CPU.Build.0 = Debug|Any CPU
		{4EC22D04-64B9-4913-AAE1-6A5A91895ADF}.Release|Any CPU.ActiveCfg = Release|Any CPU
		{4EC22D04-64B9-4913-AAE1-6A5A91895ADF}.Release|Any CPU.Build.0 = Release|Any CPU
		{D93458C6-D31E-4727-A6C8-49ADDE520D5E}.Debug|Any CPU.ActiveCfg = Debug|Any CPU
		{D93458C6-D31E-4727-A6C8-49ADDE520D5E}.Debug|Any CPU.Build.0 = Debug|Any CPU
		{D93458C6-D31E-4727-A6C8-49ADDE520D5E}.Release|Any CPU.ActiveCfg = Release|Any CPU
		{D93458C6-D31E-4727-A6C8-49ADDE520D5E}.Release|Any CPU.Build.0 = Release|Any CPU
		{881D0386-CA40-4BB6-A67C-DD6B7CFC4469}.Debug|Any CPU.ActiveCfg = Debug|Any CPU
		{881D0386-CA40-4BB6-A67C-DD6B7CFC4469}.Debug|Any CPU.Build.0 = Debug|Any CPU
		{881D0386-CA40-4BB6-A67C-DD6B7CFC4469}.Release|Any CPU.ActiveCfg = Release|Any CPU
		{881D0386-CA40-4BB6-A67C-DD6B7CFC4469}.Release|Any CPU.Build.0 = Release|Any CPU
		{8EE8B555-4712-4DB0-977A-0EFC3BC775A5}.Debug|Any CPU.ActiveCfg = Debug|Any CPU
		{8EE8B555-4712-4DB0-977A-0EFC3BC775A5}.Debug|Any CPU.Build.0 = Debug|Any CPU
		{8EE8B555-4712-4DB0-977A-0EFC3BC775A5}.Release|Any CPU.ActiveCfg = Release|Any CPU
		{8EE8B555-4712-4DB0-977A-0EFC3BC775A5}.Release|Any CPU.Build.0 = Release|Any CPU
	EndGlobalSection
	GlobalSection(SolutionProperties) = preSolution
		HideSolutionNode = FALSE
	EndGlobalSection
	GlobalSection(NestedProjects) = preSolution
		{9F86135C-C75B-4B17-BDFA-6105426738A8} = {4A0027CC-8910-4A61-B01A-C19FF279D2E2}
		{280D3176-2D9F-4EA9-A2A2-103460991F0F} = {7E8231BB-8945-4C01-B744-BCC30572DD6D}
		{D2029407-1655-4604-A949-8C5F46915338} = {280D3176-2D9F-4EA9-A2A2-103460991F0F}
		{C179CB44-B731-4E7D-9E3A-20FC15ED183A} = {280D3176-2D9F-4EA9-A2A2-103460991F0F}
		{701B99D5-D847-4D9A-83F8-17598F6BB477} = {7E8231BB-8945-4C01-B744-BCC30572DD6D}
		{FE688098-A96E-4D4B-9905-2C916023BC3E} = {701B99D5-D847-4D9A-83F8-17598F6BB477}
		{02C696FA-E2A5-4680-A5D9-7EF4DC8F59B9} = {701B99D5-D847-4D9A-83F8-17598F6BB477}
		{31A29E6B-3F2F-4D24-86A9-E005CD15F1E5} = {7712CB7D-A8CE-4821-8B39-1BDE887C146C}
		{4EC22D04-64B9-4913-AAE1-6A5A91895ADF} = {280D3176-2D9F-4EA9-A2A2-103460991F0F}
		{D93458C6-D31E-4727-A6C8-49ADDE520D5E} = {946E7A69-A4C7-44D0-9F33-5E171AAF0BDF}
		{881D0386-CA40-4BB6-A67C-DD6B7CFC4469} = {4A0027CC-8910-4A61-B01A-C19FF279D2E2}
		{8EE8B555-4712-4DB0-977A-0EFC3BC775A5} = {7712CB7D-A8CE-4821-8B39-1BDE887C146C}
	EndGlobalSection
EndGlobal
